// !$*UTF8*$!
{
	archiveVersion = 1;
	classes = {
	};
	objectVersion = 55;
	objects = {

/* Begin PBXBuildFile section */
		4A172F9B29ED6BB9004774C0 /* CompetitionRepository.swift in Sources */ = {isa = PBXBuildFile; fileRef = 4A172F9A29ED6BB9004774C0 /* CompetitionRepository.swift */; };
		4A172F9D29ED6F81004774C0 /* CompetitionRepositoryTest.swift in Sources */ = {isa = PBXBuildFile; fileRef = 4A172F9C29ED6F80004774C0 /* CompetitionRepositoryTest.swift */; };
		4A1F1E952A011B77002DFE7B /* CompetitionViews.swift in Sources */ = {isa = PBXBuildFile; fileRef = 4A1F1E942A011B77002DFE7B /* CompetitionViews.swift */; };
		4A24422829D2EF480065E32B /* AppDelegate.swift in Sources */ = {isa = PBXBuildFile; fileRef = 4A24422729D2EF480065E32B /* AppDelegate.swift */; };
		4A24422A29D2EF480065E32B /* SceneDelegate.swift in Sources */ = {isa = PBXBuildFile; fileRef = 4A24422929D2EF480065E32B /* SceneDelegate.swift */; };
		4A24422C29D2EF480065E32B /* CompetitionController.swift in Sources */ = {isa = PBXBuildFile; fileRef = 4A24422B29D2EF480065E32B /* CompetitionController.swift */; };
		4A24423129D2EF4E0065E32B /* Assets.xcassets in Resources */ = {isa = PBXBuildFile; fileRef = 4A24423029D2EF4E0065E32B /* Assets.xcassets */; };
		4A24423429D2EF4E0065E32B /* LaunchScreen.storyboard in Resources */ = {isa = PBXBuildFile; fileRef = 4A24423229D2EF4E0065E32B /* LaunchScreen.storyboard */; };
		4A24423D29D2F09C0065E32B /* ParticipantModel.swift in Sources */ = {isa = PBXBuildFile; fileRef = 4A24423C29D2F09C0065E32B /* ParticipantModel.swift */; };
		4A24426C29D47B020065E32B /* LootModel.swift in Sources */ = {isa = PBXBuildFile; fileRef = 4A24426B29D47B010065E32B /* LootModel.swift */; };
		4A24426E29D47B870065E32B /* StepModel.swift in Sources */ = {isa = PBXBuildFile; fileRef = 4A24426D29D47B870065E32B /* StepModel.swift */; };
		4A24427029D47BD40065E32B /* CompetitionModel.swift in Sources */ = {isa = PBXBuildFile; fileRef = 4A24426F29D47BD40065E32B /* CompetitionModel.swift */; };
		4A24427229D47C1A0065E32B /* TeamModel.swift in Sources */ = {isa = PBXBuildFile; fileRef = 4A24427129D47C1A0065E32B /* TeamModel.swift */; };
		4A24427529D47F1E0065E32B /* ILootService.swift in Sources */ = {isa = PBXBuildFile; fileRef = 4A24427429D47F1E0065E32B /* ILootService.swift */; };
		4A24427729D481EA0065E32B /* IStepService.swift in Sources */ = {isa = PBXBuildFile; fileRef = 4A24427629D481EA0065E32B /* IStepService.swift */; };
		4A24427929D482F10065E32B /* ICompetitionService.swift in Sources */ = {isa = PBXBuildFile; fileRef = 4A24427829D482F10065E32B /* ICompetitionService.swift */; };
		4A24427B29D486120065E32B /* ITeamService.swift in Sources */ = {isa = PBXBuildFile; fileRef = 4A24427A29D486120065E32B /* ITeamService.swift */; };
		4A24427D29D488B30065E32B /* SortParamertModel.swift in Sources */ = {isa = PBXBuildFile; fileRef = 4A24427C29D488B30065E32B /* SortParamertModel.swift */; };
		4A24427F29D489890065E32B /* IParticipantService.swift in Sources */ = {isa = PBXBuildFile; fileRef = 4A24427E29D489890065E32B /* IParticipantService.swift */; };
		4A24428329D48B860065E32B /* LootService.swift in Sources */ = {isa = PBXBuildFile; fileRef = 4A24428229D48B860065E32B /* LootService.swift */; };
		4A24428A29D49D8A0065E32B /* ILootRepository.swift in Sources */ = {isa = PBXBuildFile; fileRef = 4A24428929D49D8A0065E32B /* ILootRepository.swift */; };
		4A56F4FA2A09360500AAFC27 /* StringExtension.swift in Sources */ = {isa = PBXBuildFile; fileRef = 4A56F4F92A09360400AAFC27 /* StringExtension.swift */; };
		4A6132A229E86A810025CDC9 /* DataError.swift in Sources */ = {isa = PBXBuildFile; fileRef = 4A6132A129E86A810025CDC9 /* DataError.swift */; };
		4A8E36FF29FDA229009A0930 /* MockGetDataRepository.swift in Sources */ = {isa = PBXBuildFile; fileRef = 4A8E36F929FDA229009A0930 /* MockGetDataRepository.swift */; };
		4A8E370029FDA229009A0930 /* MockParticipantRepository.swift in Sources */ = {isa = PBXBuildFile; fileRef = 4A8E36FA29FDA229009A0930 /* MockParticipantRepository.swift */; };
		4A8E370129FDA229009A0930 /* MockLootRepository.swift in Sources */ = {isa = PBXBuildFile; fileRef = 4A8E36FB29FDA229009A0930 /* MockLootRepository.swift */; };
		4A8E370229FDA229009A0930 /* MockCompetitionRepository.swift in Sources */ = {isa = PBXBuildFile; fileRef = 4A8E36FC29FDA229009A0930 /* MockCompetitionRepository.swift */; };
		4A8E370329FDA229009A0930 /* MockTeamRepository.swift in Sources */ = {isa = PBXBuildFile; fileRef = 4A8E36FD29FDA229009A0930 /* MockTeamRepository.swift */; };
		4A8E370429FDA229009A0930 /* MockStepRepository.swift in Sources */ = {isa = PBXBuildFile; fileRef = 4A8E36FE29FDA229009A0930 /* MockStepRepository.swift */; };
		4A9809CD29E9992700B6886E /* ConnectionError.swift in Sources */ = {isa = PBXBuildFile; fileRef = 4A9809CC29E9992700B6886E /* ConnectionError.swift */; };
		4A9809D129E9EFA600B6886E /* StepRepository.swift in Sources */ = {isa = PBXBuildFile; fileRef = 4A9809D029E9EFA600B6886E /* StepRepository.swift */; };
		4A9809D329EA041900B6886E /* StepRepositoryTest.swift in Sources */ = {isa = PBXBuildFile; fileRef = 4A9809D229EA041900B6886E /* StepRepositoryTest.swift */; };
		4A9D46C029EEBA420059750F /* TeamRepository.swift in Sources */ = {isa = PBXBuildFile; fileRef = 4A9D46BF29EEBA420059750F /* TeamRepository.swift */; };
		4A9D46C429EEBD270059750F /* TeamRepositoryTest.swift in Sources */ = {isa = PBXBuildFile; fileRef = 4A9D46C329EEBD270059750F /* TeamRepositoryTest.swift */; };
		4A9FA9D829E98DFB006BC244 /* LootRepositoryTest.swift in Sources */ = {isa = PBXBuildFile; fileRef = 4A9FA9D729E98DFB006BC244 /* LootRepositoryTest.swift */; };
		4AAF0AEF29EAE64500C0ECCE /* ParticipantRepository.swift in Sources */ = {isa = PBXBuildFile; fileRef = 4AAF0AEE29EAE64500C0ECCE /* ParticipantRepository.swift */; };
		4AAF0AF129EB3A2A00C0ECCE /* ParticipantRepositoryTest.swift in Sources */ = {isa = PBXBuildFile; fileRef = 4AAF0AF029EB3A2A00C0ECCE /* ParticipantRepositoryTest.swift */; };
		4AB924C029DC2A60004511AB /* CompetitionServiceTests.swift in Sources */ = {isa = PBXBuildFile; fileRef = 4AB924BF29DC2A60004511AB /* CompetitionServiceTests.swift */; };
		4AB924C229DC2B94004511AB /* TeamServiceTests.swift in Sources */ = {isa = PBXBuildFile; fileRef = 4AB924C129DC2B94004511AB /* TeamServiceTests.swift */; };
		4AB924C429DC2CB1004511AB /* ParticipantServiceTests.swift in Sources */ = {isa = PBXBuildFile; fileRef = 4AB924C329DC2CB1004511AB /* ParticipantServiceTests.swift */; };
		4AD3E60F2A07B1C80005AC18 /* DetailTeamController.swift in Sources */ = {isa = PBXBuildFile; fileRef = 4AD3E60E2A07B1C80005AC18 /* DetailTeamController.swift */; };
		4ADB9F5029F412E8009A3C24 /* BeforeCompetitionRepository.swift in Sources */ = {isa = PBXBuildFile; fileRef = 4ADB9F4F29F412E8009A3C24 /* BeforeCompetitionRepository.swift */; };
		4ADB9F5429F43CBA009A3C24 /* BeforeTeamRepository.swift in Sources */ = {isa = PBXBuildFile; fileRef = 4ADB9F5329F43CBA009A3C24 /* BeforeTeamRepository.swift */; };
		4ADB9F5629F44D50009A3C24 /* BeforeParticipantRepository.swift in Sources */ = {isa = PBXBuildFile; fileRef = 4ADB9F5529F44D50009A3C24 /* BeforeParticipantRepository.swift */; };
		4AE1775E29D71B79009FF250 /* StepService.swift in Sources */ = {isa = PBXBuildFile; fileRef = 4AE1775D29D71B79009FF250 /* StepService.swift */; };
		4AE1776029D71BA9009FF250 /* IStepRepository.swift in Sources */ = {isa = PBXBuildFile; fileRef = 4AE1775F29D71BA9009FF250 /* IStepRepository.swift */; };
		4AE1776429D78D15009FF250 /* ILootToStepRepository.swift in Sources */ = {isa = PBXBuildFile; fileRef = 4AE1776329D78D15009FF250 /* ILootToStepRepository.swift */; };
		4AE1776829D8DD92009FF250 /* IStepToCompetitionRepository.swift in Sources */ = {isa = PBXBuildFile; fileRef = 4AE1776729D8DD92009FF250 /* IStepToCompetitionRepository.swift */; };
		4AE1776C29D8E183009FF250 /* ICompetitionRepository.swift in Sources */ = {isa = PBXBuildFile; fileRef = 4AE1776B29D8E183009FF250 /* ICompetitionRepository.swift */; };
		4AE1776F29D9AE84009FF250 /* ITeamRepository.swift in Sources */ = {isa = PBXBuildFile; fileRef = 4AE1776E29D9AE84009FF250 /* ITeamRepository.swift */; };
		4AE1777329D9B375009FF250 /* ITeamToCompetitionRepository.swift in Sources */ = {isa = PBXBuildFile; fileRef = 4AE1777229D9B375009FF250 /* ITeamToCompetitionRepository.swift */; };
		4AE1777529D9B496009FF250 /* ICompetitionToTeamRepository.swift in Sources */ = {isa = PBXBuildFile; fileRef = 4AE1777429D9B496009FF250 /* ICompetitionToTeamRepository.swift */; };
		4AE1777729D9B8D5009FF250 /* IParticipantRepository.swift in Sources */ = {isa = PBXBuildFile; fileRef = 4AE1777629D9B8D5009FF250 /* IParticipantRepository.swift */; };
		4AE1777B29D9BFB7009FF250 /* ITeamByParticipantRepository.swift in Sources */ = {isa = PBXBuildFile; fileRef = 4AE1777A29D9BFB7009FF250 /* ITeamByParticipantRepository.swift */; };
		4AE1777D29D9C5BB009FF250 /* IParticipantByTeamRepository.swift in Sources */ = {isa = PBXBuildFile; fileRef = 4AE1777C29D9C5BB009FF250 /* IParticipantByTeamRepository.swift */; };
		4AE1777F29D9C712009FF250 /* IParticipantToTeamRepository.swift in Sources */ = {isa = PBXBuildFile; fileRef = 4AE1777E29D9C712009FF250 /* IParticipantToTeamRepository.swift */; };
		4AE1778129D9CB06009FF250 /* CompetitionService.swift in Sources */ = {isa = PBXBuildFile; fileRef = 4AE1778029D9CB06009FF250 /* CompetitionService.swift */; };
		4AE1778329D9CC08009FF250 /* TeamService.swift in Sources */ = {isa = PBXBuildFile; fileRef = 4AE1778229D9CC08009FF250 /* TeamService.swift */; };
		4AE1778529D9CC25009FF250 /* ParticipantService.swift in Sources */ = {isa = PBXBuildFile; fileRef = 4AE1778429D9CC25009FF250 /* ParticipantService.swift */; };
		4AE1778729DA31C2009FF250 /* StepServiceTests.swift in Sources */ = {isa = PBXBuildFile; fileRef = 4AE1778629DA31C2009FF250 /* StepServiceTests.swift */; };
		4AE1778B29DA33F3009FF250 /* LootServiceTests.swift in Sources */ = {isa = PBXBuildFile; fileRef = 4AE1778A29DA33F3009FF250 /* LootServiceTests.swift */; };
		4AED2B7D2A098C58000FFDFD /* DetailParticipantController.swift in Sources */ = {isa = PBXBuildFile; fileRef = 4AED2B7C2A098C58000FFDFD /* DetailParticipantController.swift */; };
		4AED395529F2B58200FA45F0 /* LootExtencion.swift in Sources */ = {isa = PBXBuildFile; fileRef = 4AED395429F2B58200FA45F0 /* LootExtencion.swift */; };
		4AED395729F2B5B300FA45F0 /* StepExtension.swift in Sources */ = {isa = PBXBuildFile; fileRef = 4AED395629F2B5B300FA45F0 /* StepExtension.swift */; };
		4AED395929F2B5DF00FA45F0 /* CompetitionExtension.swift in Sources */ = {isa = PBXBuildFile; fileRef = 4AED395829F2B5DF00FA45F0 /* CompetitionExtension.swift */; };
		4AED395B29F2B60000FA45F0 /* TeamExtension.swift in Sources */ = {isa = PBXBuildFile; fileRef = 4AED395A29F2B60000FA45F0 /* TeamExtension.swift */; };
		4AED395D29F2B63800FA45F0 /* ParticipantExtension.swift in Sources */ = {isa = PBXBuildFile; fileRef = 4AED395C29F2B63800FA45F0 /* ParticipantExtension.swift */; };
		4AED396529F318FD00FA45F0 /* BeforeStepRepository.swift in Sources */ = {isa = PBXBuildFile; fileRef = 4AED396429F318FD00FA45F0 /* BeforeStepRepository.swift */; };
		4AED396629F3198B00FA45F0 /* BeforeLootRepositoryTests.swift in Sources */ = {isa = PBXBuildFile; fileRef = 4AED395E29F2F0C100FA45F0 /* BeforeLootRepositoryTests.swift */; };
		4AED902529E1A6B2009F6805 /* LootRepository.swift in Sources */ = {isa = PBXBuildFile; fileRef = 4AED902429E1A6B2009F6805 /* LootRepository.swift */; };
		4AED902829E1A6EE009F6805 /* LootModelData.swift in Sources */ = {isa = PBXBuildFile; fileRef = 4AED902729E1A6EE009F6805 /* LootModelData.swift */; };
		4AED902A29E1B1AD009F6805 /* StepModelData.swift in Sources */ = {isa = PBXBuildFile; fileRef = 4AED902929E1B1AD009F6805 /* StepModelData.swift */; };
		4AED902C29E1B238009F6805 /* CompetitionModelData.swift in Sources */ = {isa = PBXBuildFile; fileRef = 4AED902B29E1B238009F6805 /* CompetitionModelData.swift */; };
		4AED902E29E1B2E5009F6805 /* TeamModelData.swift in Sources */ = {isa = PBXBuildFile; fileRef = 4AED902D29E1B2E5009F6805 /* TeamModelData.swift */; };
		4AED903029E1B462009F6805 /* ParticipantModelData.swift in Sources */ = {isa = PBXBuildFile; fileRef = 4AED902F29E1B462009F6805 /* ParticipantModelData.swift */; };
		4AEE59F82A0030E500534AC8 /* AlertManager.swift in Sources */ = {isa = PBXBuildFile; fileRef = 4AEE59F72A0030E500534AC8 /* AlertManager.swift */; };
		4AEE59FB2A00379400534AC8 /* CompetitionsControllerExtension.swift in Sources */ = {isa = PBXBuildFile; fileRef = 4AEE59FA2A00379400534AC8 /* CompetitionsControllerExtension.swift */; };
		4AEE59FD2A003B7500534AC8 /* TabBarController.swift in Sources */ = {isa = PBXBuildFile; fileRef = 4AEE59FC2A003B7500534AC8 /* TabBarController.swift */; };
		4AEFA0D929E96D0E00883AAC /* ParameterError.swift in Sources */ = {isa = PBXBuildFile; fileRef = 4AEFA0D829E96D0E00883AAC /* ParameterError.swift */; };
		4AF3404B29DADED900463098 /* ILootRepositoryTests.swift in Sources */ = {isa = PBXBuildFile; fileRef = 4AF3404A29DADED900463098 /* ILootRepositoryTests.swift */; };
		4AF3404E29DAE4BC00463098 /* IStepRepositoryTests.swift in Sources */ = {isa = PBXBuildFile; fileRef = 4AF3404D29DAE4BC00463098 /* IStepRepositoryTests.swift */; };
		4AF3405029DB1F8500463098 /* ICompetitionRepositoryTests.swift in Sources */ = {isa = PBXBuildFile; fileRef = 4AF3404F29DB1F8500463098 /* ICompetitionRepositoryTests.swift */; };
		4AF3405229DB7DBE00463098 /* ITeamRepositoryTests.swift in Sources */ = {isa = PBXBuildFile; fileRef = 4AF3405129DB7DBE00463098 /* ITeamRepositoryTests.swift */; };
		4AF3405429DB8FFA00463098 /* IParticipantRepositoryTests.swift in Sources */ = {isa = PBXBuildFile; fileRef = 4AF3405329DB8FFA00463098 /* IParticipantRepositoryTests.swift */; };
		4AF5A19B2A02C589005DD13D /* AddCompetitionController.swift in Sources */ = {isa = PBXBuildFile; fileRef = 4AF5A19A2A02C588005DD13D /* AddCompetitionController.swift */; };
		4AF5A19E2A02C817005DD13D /* ServicesManager.swift in Sources */ = {isa = PBXBuildFile; fileRef = 4AF5A19D2A02C817005DD13D /* ServicesManager.swift */; };
		4AF5A1A02A02C846005DD13D /* config.swift in Sources */ = {isa = PBXBuildFile; fileRef = 4AF5A19F2A02C846005DD13D /* config.swift */; };
		4AF5A1A22A05A72D005DD13D /* TeamController.swift in Sources */ = {isa = PBXBuildFile; fileRef = 4AF5A1A12A05A72D005DD13D /* TeamController.swift */; };
		4AF5A1A42A079AC3005DD13D /* GetDataRepository.swift in Sources */ = {isa = PBXBuildFile; fileRef = 4AF5A1A32A079AC3005DD13D /* GetDataRepository.swift */; };
		4AFBE92F29DF328600C2F705 /* GetDataService.swift in Sources */ = {isa = PBXBuildFile; fileRef = 4AFBE92E29DF328500C2F705 /* GetDataService.swift */; };
		4AFBE93129DF335F00C2F705 /* IGetDataRepository.swift in Sources */ = {isa = PBXBuildFile; fileRef = 4AFBE93029DF335F00C2F705 /* IGetDataRepository.swift */; };
		4AFBE93629DF344D00C2F705 /* IGetDataService.swift in Sources */ = {isa = PBXBuildFile; fileRef = 4AFBE93529DF344D00C2F705 /* IGetDataService.swift */; };
		8C672E4FE570B9B24D2BB1CC /* Pods_rfpr.framework in Frameworks */ = {isa = PBXBuildFile; fileRef = 40EEFD55FD8AAF49D48D020C /* Pods_rfpr.framework */; };
/* End PBXBuildFile section */

/* Begin PBXContainerItemProxy section */
		4A24424D29D2F8460065E32B /* PBXContainerItemProxy */ = {
			isa = PBXContainerItemProxy;
			containerPortal = 4A24421C29D2EF480065E32B /* Project object */;
			proxyType = 1;
			remoteGlobalIDString = 4A24422329D2EF480065E32B;
			remoteInfo = rfpr;
		};
/* End PBXContainerItemProxy section */

/* Begin PBXFileReference section */
		0AB93DD3364003D266E90361 /* Pods-rfpr.release.xcconfig */ = {isa = PBXFileReference; includeInIndex = 1; lastKnownFileType = text.xcconfig; name = "Pods-rfpr.release.xcconfig"; path = "Target Support Files/Pods-rfpr/Pods-rfpr.release.xcconfig"; sourceTree = "<group>"; };
		40EEFD55FD8AAF49D48D020C /* Pods_rfpr.framework */ = {isa = PBXFileReference; explicitFileType = wrapper.framework; includeInIndex = 0; path = Pods_rfpr.framework; sourceTree = BUILT_PRODUCTS_DIR; };
		4A172F9A29ED6BB9004774C0 /* CompetitionRepository.swift */ = {isa = PBXFileReference; lastKnownFileType = sourcecode.swift; path = CompetitionRepository.swift; sourceTree = "<group>"; };
		4A172F9C29ED6F80004774C0 /* CompetitionRepositoryTest.swift */ = {isa = PBXFileReference; lastKnownFileType = sourcecode.swift; path = CompetitionRepositoryTest.swift; sourceTree = "<group>"; };
		4A1F1E942A011B77002DFE7B /* CompetitionViews.swift */ = {isa = PBXFileReference; lastKnownFileType = sourcecode.swift; path = CompetitionViews.swift; sourceTree = "<group>"; };
		4A24422429D2EF480065E32B /* rfpr.app */ = {isa = PBXFileReference; explicitFileType = wrapper.application; includeInIndex = 0; path = rfpr.app; sourceTree = BUILT_PRODUCTS_DIR; };
		4A24422729D2EF480065E32B /* AppDelegate.swift */ = {isa = PBXFileReference; lastKnownFileType = sourcecode.swift; path = AppDelegate.swift; sourceTree = "<group>"; };
		4A24422929D2EF480065E32B /* SceneDelegate.swift */ = {isa = PBXFileReference; lastKnownFileType = sourcecode.swift; path = SceneDelegate.swift; sourceTree = "<group>"; };
		4A24422B29D2EF480065E32B /* CompetitionController.swift */ = {isa = PBXFileReference; lastKnownFileType = sourcecode.swift; path = CompetitionController.swift; sourceTree = "<group>"; };
		4A24423029D2EF4E0065E32B /* Assets.xcassets */ = {isa = PBXFileReference; lastKnownFileType = folder.assetcatalog; path = Assets.xcassets; sourceTree = "<group>"; };
		4A24423329D2EF4E0065E32B /* Base */ = {isa = PBXFileReference; lastKnownFileType = file.storyboard; name = Base; path = Base.lproj/LaunchScreen.storyboard; sourceTree = "<group>"; };
		4A24423529D2EF4E0065E32B /* Info.plist */ = {isa = PBXFileReference; lastKnownFileType = text.plist.xml; path = Info.plist; sourceTree = "<group>"; };
		4A24423C29D2F09C0065E32B /* ParticipantModel.swift */ = {isa = PBXFileReference; lastKnownFileType = sourcecode.swift; path = ParticipantModel.swift; sourceTree = "<group>"; };
		4A24424929D2F8460065E32B /* UnitTests.xctest */ = {isa = PBXFileReference; explicitFileType = wrapper.cfbundle; includeInIndex = 0; path = UnitTests.xctest; sourceTree = BUILT_PRODUCTS_DIR; };
		4A24426B29D47B010065E32B /* LootModel.swift */ = {isa = PBXFileReference; lastKnownFileType = sourcecode.swift; path = LootModel.swift; sourceTree = "<group>"; };
		4A24426D29D47B870065E32B /* StepModel.swift */ = {isa = PBXFileReference; lastKnownFileType = sourcecode.swift; path = StepModel.swift; sourceTree = "<group>"; };
		4A24426F29D47BD40065E32B /* CompetitionModel.swift */ = {isa = PBXFileReference; lastKnownFileType = sourcecode.swift; path = CompetitionModel.swift; sourceTree = "<group>"; };
		4A24427129D47C1A0065E32B /* TeamModel.swift */ = {isa = PBXFileReference; lastKnownFileType = sourcecode.swift; path = TeamModel.swift; sourceTree = "<group>"; };
		4A24427429D47F1E0065E32B /* ILootService.swift */ = {isa = PBXFileReference; lastKnownFileType = sourcecode.swift; path = ILootService.swift; sourceTree = "<group>"; };
		4A24427629D481EA0065E32B /* IStepService.swift */ = {isa = PBXFileReference; lastKnownFileType = sourcecode.swift; path = IStepService.swift; sourceTree = "<group>"; };
		4A24427829D482F10065E32B /* ICompetitionService.swift */ = {isa = PBXFileReference; lastKnownFileType = sourcecode.swift; path = ICompetitionService.swift; sourceTree = "<group>"; };
		4A24427A29D486120065E32B /* ITeamService.swift */ = {isa = PBXFileReference; lastKnownFileType = sourcecode.swift; path = ITeamService.swift; sourceTree = "<group>"; };
		4A24427C29D488B30065E32B /* SortParamertModel.swift */ = {isa = PBXFileReference; lastKnownFileType = sourcecode.swift; path = SortParamertModel.swift; sourceTree = "<group>"; };
		4A24427E29D489890065E32B /* IParticipantService.swift */ = {isa = PBXFileReference; lastKnownFileType = sourcecode.swift; path = IParticipantService.swift; sourceTree = "<group>"; };
		4A24428229D48B860065E32B /* LootService.swift */ = {isa = PBXFileReference; lastKnownFileType = sourcecode.swift; path = LootService.swift; sourceTree = "<group>"; };
		4A24428929D49D8A0065E32B /* ILootRepository.swift */ = {isa = PBXFileReference; fileEncoding = 4; lastKnownFileType = sourcecode.swift; path = ILootRepository.swift; sourceTree = "<group>"; };
		4A56F4F92A09360400AAFC27 /* StringExtension.swift */ = {isa = PBXFileReference; lastKnownFileType = sourcecode.swift; path = StringExtension.swift; sourceTree = "<group>"; };
		4A6132A129E86A810025CDC9 /* DataError.swift */ = {isa = PBXFileReference; lastKnownFileType = sourcecode.swift; path = DataError.swift; sourceTree = "<group>"; };
		4A8E36F929FDA229009A0930 /* MockGetDataRepository.swift */ = {isa = PBXFileReference; fileEncoding = 4; lastKnownFileType = sourcecode.swift; path = MockGetDataRepository.swift; sourceTree = "<group>"; };
		4A8E36FA29FDA229009A0930 /* MockParticipantRepository.swift */ = {isa = PBXFileReference; fileEncoding = 4; lastKnownFileType = sourcecode.swift; path = MockParticipantRepository.swift; sourceTree = "<group>"; };
		4A8E36FB29FDA229009A0930 /* MockLootRepository.swift */ = {isa = PBXFileReference; fileEncoding = 4; lastKnownFileType = sourcecode.swift; path = MockLootRepository.swift; sourceTree = "<group>"; };
		4A8E36FC29FDA229009A0930 /* MockCompetitionRepository.swift */ = {isa = PBXFileReference; fileEncoding = 4; lastKnownFileType = sourcecode.swift; path = MockCompetitionRepository.swift; sourceTree = "<group>"; };
		4A8E36FD29FDA229009A0930 /* MockTeamRepository.swift */ = {isa = PBXFileReference; fileEncoding = 4; lastKnownFileType = sourcecode.swift; path = MockTeamRepository.swift; sourceTree = "<group>"; };
		4A8E36FE29FDA229009A0930 /* MockStepRepository.swift */ = {isa = PBXFileReference; fileEncoding = 4; lastKnownFileType = sourcecode.swift; path = MockStepRepository.swift; sourceTree = "<group>"; };
		4A9809CC29E9992700B6886E /* ConnectionError.swift */ = {isa = PBXFileReference; lastKnownFileType = sourcecode.swift; path = ConnectionError.swift; sourceTree = "<group>"; };
		4A9809D029E9EFA600B6886E /* StepRepository.swift */ = {isa = PBXFileReference; lastKnownFileType = sourcecode.swift; path = StepRepository.swift; sourceTree = "<group>"; };
		4A9809D229EA041900B6886E /* StepRepositoryTest.swift */ = {isa = PBXFileReference; lastKnownFileType = sourcecode.swift; path = StepRepositoryTest.swift; sourceTree = "<group>"; };
		4A9D46BF29EEBA420059750F /* TeamRepository.swift */ = {isa = PBXFileReference; lastKnownFileType = sourcecode.swift; path = TeamRepository.swift; sourceTree = "<group>"; };
		4A9D46C329EEBD270059750F /* TeamRepositoryTest.swift */ = {isa = PBXFileReference; lastKnownFileType = sourcecode.swift; path = TeamRepositoryTest.swift; sourceTree = "<group>"; };
		4A9FA9D729E98DFB006BC244 /* LootRepositoryTest.swift */ = {isa = PBXFileReference; lastKnownFileType = sourcecode.swift; path = LootRepositoryTest.swift; sourceTree = "<group>"; };
		4AAF0AEE29EAE64500C0ECCE /* ParticipantRepository.swift */ = {isa = PBXFileReference; lastKnownFileType = sourcecode.swift; path = ParticipantRepository.swift; sourceTree = "<group>"; };
		4AAF0AF029EB3A2A00C0ECCE /* ParticipantRepositoryTest.swift */ = {isa = PBXFileReference; lastKnownFileType = sourcecode.swift; path = ParticipantRepositoryTest.swift; sourceTree = "<group>"; };
		4AB924BF29DC2A60004511AB /* CompetitionServiceTests.swift */ = {isa = PBXFileReference; lastKnownFileType = sourcecode.swift; path = CompetitionServiceTests.swift; sourceTree = "<group>"; };
		4AB924C129DC2B94004511AB /* TeamServiceTests.swift */ = {isa = PBXFileReference; lastKnownFileType = sourcecode.swift; path = TeamServiceTests.swift; sourceTree = "<group>"; };
		4AB924C329DC2CB1004511AB /* ParticipantServiceTests.swift */ = {isa = PBXFileReference; lastKnownFileType = sourcecode.swift; path = ParticipantServiceTests.swift; sourceTree = "<group>"; };
		4AD3E60E2A07B1C80005AC18 /* DetailTeamController.swift */ = {isa = PBXFileReference; lastKnownFileType = sourcecode.swift; path = DetailTeamController.swift; sourceTree = "<group>"; };
		4ADB9F4F29F412E8009A3C24 /* BeforeCompetitionRepository.swift */ = {isa = PBXFileReference; lastKnownFileType = sourcecode.swift; path = BeforeCompetitionRepository.swift; sourceTree = "<group>"; };
		4ADB9F5329F43CBA009A3C24 /* BeforeTeamRepository.swift */ = {isa = PBXFileReference; lastKnownFileType = sourcecode.swift; path = BeforeTeamRepository.swift; sourceTree = "<group>"; };
		4ADB9F5529F44D50009A3C24 /* BeforeParticipantRepository.swift */ = {isa = PBXFileReference; lastKnownFileType = sourcecode.swift; path = BeforeParticipantRepository.swift; sourceTree = "<group>"; };
		4AE1775D29D71B79009FF250 /* StepService.swift */ = {isa = PBXFileReference; lastKnownFileType = sourcecode.swift; path = StepService.swift; sourceTree = "<group>"; };
		4AE1775F29D71BA9009FF250 /* IStepRepository.swift */ = {isa = PBXFileReference; lastKnownFileType = sourcecode.swift; path = IStepRepository.swift; sourceTree = "<group>"; };
		4AE1776329D78D15009FF250 /* ILootToStepRepository.swift */ = {isa = PBXFileReference; lastKnownFileType = sourcecode.swift; path = ILootToStepRepository.swift; sourceTree = "<group>"; };
		4AE1776729D8DD92009FF250 /* IStepToCompetitionRepository.swift */ = {isa = PBXFileReference; lastKnownFileType = sourcecode.swift; path = IStepToCompetitionRepository.swift; sourceTree = "<group>"; };
		4AE1776B29D8E183009FF250 /* ICompetitionRepository.swift */ = {isa = PBXFileReference; lastKnownFileType = sourcecode.swift; path = ICompetitionRepository.swift; sourceTree = "<group>"; };
		4AE1776E29D9AE84009FF250 /* ITeamRepository.swift */ = {isa = PBXFileReference; lastKnownFileType = sourcecode.swift; path = ITeamRepository.swift; sourceTree = "<group>"; };
		4AE1777229D9B375009FF250 /* ITeamToCompetitionRepository.swift */ = {isa = PBXFileReference; lastKnownFileType = sourcecode.swift; path = ITeamToCompetitionRepository.swift; sourceTree = "<group>"; };
		4AE1777429D9B496009FF250 /* ICompetitionToTeamRepository.swift */ = {isa = PBXFileReference; lastKnownFileType = sourcecode.swift; path = ICompetitionToTeamRepository.swift; sourceTree = "<group>"; };
		4AE1777629D9B8D5009FF250 /* IParticipantRepository.swift */ = {isa = PBXFileReference; lastKnownFileType = sourcecode.swift; path = IParticipantRepository.swift; sourceTree = "<group>"; };
		4AE1777A29D9BFB7009FF250 /* ITeamByParticipantRepository.swift */ = {isa = PBXFileReference; lastKnownFileType = sourcecode.swift; path = ITeamByParticipantRepository.swift; sourceTree = "<group>"; };
		4AE1777C29D9C5BB009FF250 /* IParticipantByTeamRepository.swift */ = {isa = PBXFileReference; lastKnownFileType = sourcecode.swift; path = IParticipantByTeamRepository.swift; sourceTree = "<group>"; };
		4AE1777E29D9C712009FF250 /* IParticipantToTeamRepository.swift */ = {isa = PBXFileReference; lastKnownFileType = sourcecode.swift; path = IParticipantToTeamRepository.swift; sourceTree = "<group>"; };
		4AE1778029D9CB06009FF250 /* CompetitionService.swift */ = {isa = PBXFileReference; lastKnownFileType = sourcecode.swift; path = CompetitionService.swift; sourceTree = "<group>"; };
		4AE1778229D9CC08009FF250 /* TeamService.swift */ = {isa = PBXFileReference; lastKnownFileType = sourcecode.swift; path = TeamService.swift; sourceTree = "<group>"; };
		4AE1778429D9CC25009FF250 /* ParticipantService.swift */ = {isa = PBXFileReference; lastKnownFileType = sourcecode.swift; path = ParticipantService.swift; sourceTree = "<group>"; };
		4AE1778629DA31C2009FF250 /* StepServiceTests.swift */ = {isa = PBXFileReference; lastKnownFileType = sourcecode.swift; path = StepServiceTests.swift; sourceTree = "<group>"; };
		4AE1778A29DA33F3009FF250 /* LootServiceTests.swift */ = {isa = PBXFileReference; lastKnownFileType = sourcecode.swift; path = LootServiceTests.swift; sourceTree = "<group>"; };
		4AED2B7C2A098C58000FFDFD /* DetailParticipantController.swift */ = {isa = PBXFileReference; lastKnownFileType = sourcecode.swift; path = DetailParticipantController.swift; sourceTree = "<group>"; };
		4AED395429F2B58200FA45F0 /* LootExtencion.swift */ = {isa = PBXFileReference; lastKnownFileType = sourcecode.swift; path = LootExtencion.swift; sourceTree = "<group>"; };
		4AED395629F2B5B300FA45F0 /* StepExtension.swift */ = {isa = PBXFileReference; lastKnownFileType = sourcecode.swift; path = StepExtension.swift; sourceTree = "<group>"; };
		4AED395829F2B5DF00FA45F0 /* CompetitionExtension.swift */ = {isa = PBXFileReference; lastKnownFileType = sourcecode.swift; path = CompetitionExtension.swift; sourceTree = "<group>"; };
		4AED395A29F2B60000FA45F0 /* TeamExtension.swift */ = {isa = PBXFileReference; lastKnownFileType = sourcecode.swift; path = TeamExtension.swift; sourceTree = "<group>"; };
		4AED395C29F2B63800FA45F0 /* ParticipantExtension.swift */ = {isa = PBXFileReference; lastKnownFileType = sourcecode.swift; path = ParticipantExtension.swift; sourceTree = "<group>"; };
		4AED395E29F2F0C100FA45F0 /* BeforeLootRepositoryTests.swift */ = {isa = PBXFileReference; lastKnownFileType = sourcecode.swift; path = BeforeLootRepositoryTests.swift; sourceTree = "<group>"; };
		4AED396429F318FD00FA45F0 /* BeforeStepRepository.swift */ = {isa = PBXFileReference; lastKnownFileType = sourcecode.swift; path = BeforeStepRepository.swift; sourceTree = "<group>"; };
		4AED902429E1A6B2009F6805 /* LootRepository.swift */ = {isa = PBXFileReference; lastKnownFileType = sourcecode.swift; path = LootRepository.swift; sourceTree = "<group>"; };
		4AED902729E1A6EE009F6805 /* LootModelData.swift */ = {isa = PBXFileReference; lastKnownFileType = sourcecode.swift; path = LootModelData.swift; sourceTree = "<group>"; };
		4AED902929E1B1AD009F6805 /* StepModelData.swift */ = {isa = PBXFileReference; lastKnownFileType = sourcecode.swift; path = StepModelData.swift; sourceTree = "<group>"; };
		4AED902B29E1B238009F6805 /* CompetitionModelData.swift */ = {isa = PBXFileReference; lastKnownFileType = sourcecode.swift; path = CompetitionModelData.swift; sourceTree = "<group>"; };
		4AED902D29E1B2E5009F6805 /* TeamModelData.swift */ = {isa = PBXFileReference; lastKnownFileType = sourcecode.swift; path = TeamModelData.swift; sourceTree = "<group>"; };
		4AED902F29E1B462009F6805 /* ParticipantModelData.swift */ = {isa = PBXFileReference; lastKnownFileType = sourcecode.swift; path = ParticipantModelData.swift; sourceTree = "<group>"; };
		4AEE59F72A0030E500534AC8 /* AlertManager.swift */ = {isa = PBXFileReference; lastKnownFileType = sourcecode.swift; path = AlertManager.swift; sourceTree = "<group>"; };
		4AEE59FA2A00379400534AC8 /* CompetitionsControllerExtension.swift */ = {isa = PBXFileReference; lastKnownFileType = sourcecode.swift; path = CompetitionsControllerExtension.swift; sourceTree = "<group>"; };
		4AEE59FC2A003B7500534AC8 /* TabBarController.swift */ = {isa = PBXFileReference; lastKnownFileType = sourcecode.swift; path = TabBarController.swift; sourceTree = "<group>"; };
		4AEFA0D829E96D0E00883AAC /* ParameterError.swift */ = {isa = PBXFileReference; lastKnownFileType = sourcecode.swift; path = ParameterError.swift; sourceTree = "<group>"; };
		4AF3404A29DADED900463098 /* ILootRepositoryTests.swift */ = {isa = PBXFileReference; lastKnownFileType = sourcecode.swift; path = ILootRepositoryTests.swift; sourceTree = "<group>"; };
		4AF3404D29DAE4BC00463098 /* IStepRepositoryTests.swift */ = {isa = PBXFileReference; lastKnownFileType = sourcecode.swift; path = IStepRepositoryTests.swift; sourceTree = "<group>"; };
		4AF3404F29DB1F8500463098 /* ICompetitionRepositoryTests.swift */ = {isa = PBXFileReference; lastKnownFileType = sourcecode.swift; path = ICompetitionRepositoryTests.swift; sourceTree = "<group>"; };
		4AF3405129DB7DBE00463098 /* ITeamRepositoryTests.swift */ = {isa = PBXFileReference; lastKnownFileType = sourcecode.swift; path = ITeamRepositoryTests.swift; sourceTree = "<group>"; };
		4AF3405329DB8FFA00463098 /* IParticipantRepositoryTests.swift */ = {isa = PBXFileReference; lastKnownFileType = sourcecode.swift; path = IParticipantRepositoryTests.swift; sourceTree = "<group>"; };
		4AF5A19A2A02C588005DD13D /* AddCompetitionController.swift */ = {isa = PBXFileReference; lastKnownFileType = sourcecode.swift; path = AddCompetitionController.swift; sourceTree = "<group>"; };
		4AF5A19D2A02C817005DD13D /* ServicesManager.swift */ = {isa = PBXFileReference; lastKnownFileType = sourcecode.swift; path = ServicesManager.swift; sourceTree = "<group>"; };
		4AF5A19F2A02C846005DD13D /* config.swift */ = {isa = PBXFileReference; lastKnownFileType = sourcecode.swift; path = config.swift; sourceTree = "<group>"; };
		4AF5A1A12A05A72D005DD13D /* TeamController.swift */ = {isa = PBXFileReference; lastKnownFileType = sourcecode.swift; path = TeamController.swift; sourceTree = "<group>"; };
		4AF5A1A32A079AC3005DD13D /* GetDataRepository.swift */ = {isa = PBXFileReference; lastKnownFileType = sourcecode.swift; path = GetDataRepository.swift; sourceTree = "<group>"; };
		4AFBE92E29DF328500C2F705 /* GetDataService.swift */ = {isa = PBXFileReference; fileEncoding = 4; lastKnownFileType = sourcecode.swift; path = GetDataService.swift; sourceTree = "<group>"; };
		4AFBE93029DF335F00C2F705 /* IGetDataRepository.swift */ = {isa = PBXFileReference; lastKnownFileType = sourcecode.swift; path = IGetDataRepository.swift; sourceTree = "<group>"; };
		4AFBE93529DF344D00C2F705 /* IGetDataService.swift */ = {isa = PBXFileReference; lastKnownFileType = sourcecode.swift; path = IGetDataService.swift; sourceTree = "<group>"; };
		D1D9294DE36F72030674310C /* Pods-rfpr.debug.xcconfig */ = {isa = PBXFileReference; includeInIndex = 1; lastKnownFileType = text.xcconfig; name = "Pods-rfpr.debug.xcconfig"; path = "Target Support Files/Pods-rfpr/Pods-rfpr.debug.xcconfig"; sourceTree = "<group>"; };
/* End PBXFileReference section */

/* Begin PBXFrameworksBuildPhase section */
		4A24422129D2EF480065E32B /* Frameworks */ = {
			isa = PBXFrameworksBuildPhase;
			buildActionMask = 2147483647;
			files = (
				8C672E4FE570B9B24D2BB1CC /* Pods_rfpr.framework in Frameworks */,
			);
			runOnlyForDeploymentPostprocessing = 0;
		};
		4A24424629D2F8460065E32B /* Frameworks */ = {
			isa = PBXFrameworksBuildPhase;
			buildActionMask = 2147483647;
			files = (
			);
			runOnlyForDeploymentPostprocessing = 0;
		};
/* End PBXFrameworksBuildPhase section */

/* Begin PBXGroup section */
		20D84970993806C79A9EF354 /* Pods */ = {
			isa = PBXGroup;
			children = (
				D1D9294DE36F72030674310C /* Pods-rfpr.debug.xcconfig */,
				0AB93DD3364003D266E90361 /* Pods-rfpr.release.xcconfig */,
			);
			path = Pods;
			sourceTree = "<group>";
		};
		4A24421B29D2EF480065E32B = {
			isa = PBXGroup;
			children = (
				4A24422629D2EF480065E32B /* rfpr */,
				4A24422529D2EF480065E32B /* Products */,
				20D84970993806C79A9EF354 /* Pods */,
				52242D3882E6D605A00F75C4 /* Frameworks */,
			);
			sourceTree = "<group>";
		};
		4A24422529D2EF480065E32B /* Products */ = {
			isa = PBXGroup;
			children = (
				4A24422429D2EF480065E32B /* rfpr.app */,
				4A24424929D2F8460065E32B /* UnitTests.xctest */,
			);
			name = Products;
			sourceTree = "<group>";
		};
		4A24422629D2EF480065E32B /* rfpr */ = {
			isa = PBXGroup;
			children = (
				4A8E37052A001A6A009A0930 /* UI */,
				4A6132A029E86A630025CDC9 /* Error */,
				4A24428029D48AD00065E32B /* Repository */,
				4A24423E29D2F2690065E32B /* Service */,
				4A24423B29D2F07E0065E32B /* Model */,
				4A24424429D2F7500065E32B /* UnitTests */,
				4A24423029D2EF4E0065E32B /* Assets.xcassets */,
				4A24423229D2EF4E0065E32B /* LaunchScreen.storyboard */,
				4A24423529D2EF4E0065E32B /* Info.plist */,
			);
			path = rfpr;
			sourceTree = "<group>";
		};
		4A24423B29D2F07E0065E32B /* Model */ = {
			isa = PBXGroup;
			children = (
				4A24426B29D47B010065E32B /* LootModel.swift */,
				4A24426D29D47B870065E32B /* StepModel.swift */,
				4A24426F29D47BD40065E32B /* CompetitionModel.swift */,
				4A24427129D47C1A0065E32B /* TeamModel.swift */,
				4A24423C29D2F09C0065E32B /* ParticipantModel.swift */,
				4A24427C29D488B30065E32B /* SortParamertModel.swift */,
			);
			path = Model;
			sourceTree = "<group>";
		};
		4A24423E29D2F2690065E32B /* Service */ = {
			isa = PBXGroup;
			children = (
				4A24427329D47E680065E32B /* ServiceInterface */,
				4A24428229D48B860065E32B /* LootService.swift */,
				4AE1775D29D71B79009FF250 /* StepService.swift */,
				4AE1778029D9CB06009FF250 /* CompetitionService.swift */,
				4AE1778229D9CC08009FF250 /* TeamService.swift */,
				4AE1778429D9CC25009FF250 /* ParticipantService.swift */,
				4AFBE92E29DF328500C2F705 /* GetDataService.swift */,
			);
			path = Service;
			sourceTree = "<group>";
		};
		4A24424429D2F7500065E32B /* UnitTests */ = {
			isa = PBXGroup;
			children = (
				4A9FA9D229E98D39006BC244 /* RepositoryTest */,
				4A9FA9D129E98D20006BC244 /* ServiceTest */,
				4A9FA9D029E98D12006BC244 /* IRepositoryTest */,
			);
			path = UnitTests;
			sourceTree = "<group>";
		};
		4A24427329D47E680065E32B /* ServiceInterface */ = {
			isa = PBXGroup;
			children = (
				4A24427429D47F1E0065E32B /* ILootService.swift */,
				4A24427629D481EA0065E32B /* IStepService.swift */,
				4A24427829D482F10065E32B /* ICompetitionService.swift */,
				4A24427A29D486120065E32B /* ITeamService.swift */,
				4A24427E29D489890065E32B /* IParticipantService.swift */,
				4AFBE93529DF344D00C2F705 /* IGetDataService.swift */,
			);
			path = ServiceInterface;
			sourceTree = "<group>";
		};
		4A24428029D48AD00065E32B /* Repository */ = {
			isa = PBXGroup;
			children = (
				4AED395329F2B55B00FA45F0 /* ModelExtension */,
				4AED902629E1A6D7009F6805 /* DataModel */,
				4A24428129D48ADA0065E32B /* RepositoryInterface */,
				4AED902429E1A6B2009F6805 /* LootRepository.swift */,
				4A9809D029E9EFA600B6886E /* StepRepository.swift */,
				4A172F9A29ED6BB9004774C0 /* CompetitionRepository.swift */,
				4A9D46BF29EEBA420059750F /* TeamRepository.swift */,
				4AAF0AEE29EAE64500C0ECCE /* ParticipantRepository.swift */,
				4AF5A1A32A079AC3005DD13D /* GetDataRepository.swift */,
			);
			path = Repository;
			sourceTree = "<group>";
		};
		4A24428129D48ADA0065E32B /* RepositoryInterface */ = {
			isa = PBXGroup;
			children = (
				4A24428929D49D8A0065E32B /* ILootRepository.swift */,
				4AE1775F29D71BA9009FF250 /* IStepRepository.swift */,
				4AE1776329D78D15009FF250 /* ILootToStepRepository.swift */,
				4AE1776729D8DD92009FF250 /* IStepToCompetitionRepository.swift */,
				4AE1776B29D8E183009FF250 /* ICompetitionRepository.swift */,
				4AE1776E29D9AE84009FF250 /* ITeamRepository.swift */,
				4AE1777229D9B375009FF250 /* ITeamToCompetitionRepository.swift */,
				4AE1777429D9B496009FF250 /* ICompetitionToTeamRepository.swift */,
				4AE1777629D9B8D5009FF250 /* IParticipantRepository.swift */,
				4AE1777A29D9BFB7009FF250 /* ITeamByParticipantRepository.swift */,
				4AE1777C29D9C5BB009FF250 /* IParticipantByTeamRepository.swift */,
				4AE1777E29D9C712009FF250 /* IParticipantToTeamRepository.swift */,
				4AFBE93029DF335F00C2F705 /* IGetDataRepository.swift */,
			);
			path = RepositoryInterface;
			sourceTree = "<group>";
		};
		4A6132A029E86A630025CDC9 /* Error */ = {
			isa = PBXGroup;
			children = (
				4A6132A129E86A810025CDC9 /* DataError.swift */,
				4AEFA0D829E96D0E00883AAC /* ParameterError.swift */,
				4A9809CC29E9992700B6886E /* ConnectionError.swift */,
			);
			path = Error;
			sourceTree = "<group>";
		};
		4A8E36F829FDA229009A0930 /* MockRepository */ = {
			isa = PBXGroup;
			children = (
				4A8E36F929FDA229009A0930 /* MockGetDataRepository.swift */,
				4A8E36FA29FDA229009A0930 /* MockParticipantRepository.swift */,
				4A8E36FB29FDA229009A0930 /* MockLootRepository.swift */,
				4A8E36FC29FDA229009A0930 /* MockCompetitionRepository.swift */,
				4A8E36FD29FDA229009A0930 /* MockTeamRepository.swift */,
				4A8E36FE29FDA229009A0930 /* MockStepRepository.swift */,
			);
			path = MockRepository;
			sourceTree = "<group>";
		};
		4A8E37052A001A6A009A0930 /* UI */ = {
			isa = PBXGroup;
			children = (
				4AF5A19C2A02C7D0005DD13D /* Model */,
				4AF5A1992A02BE88005DD13D /* Views */,
				4AF5A1982A02BE7C005DD13D /* Controllers */,
				4AEE59FE2A004E0B00534AC8 /* Delegates */,
				4AEE59F92A00377100534AC8 /* Extension */,
			);
			path = UI;
			sourceTree = "<group>";
		};
		4A9FA9D029E98D12006BC244 /* IRepositoryTest */ = {
			isa = PBXGroup;
			children = (
				4A8E36F829FDA229009A0930 /* MockRepository */,
				4AF3404A29DADED900463098 /* ILootRepositoryTests.swift */,
				4AF3404D29DAE4BC00463098 /* IStepRepositoryTests.swift */,
				4AF3404F29DB1F8500463098 /* ICompetitionRepositoryTests.swift */,
				4AF3405129DB7DBE00463098 /* ITeamRepositoryTests.swift */,
				4AF3405329DB8FFA00463098 /* IParticipantRepositoryTests.swift */,
			);
			path = IRepositoryTest;
			sourceTree = "<group>";
		};
		4A9FA9D129E98D20006BC244 /* ServiceTest */ = {
			isa = PBXGroup;
			children = (
				4AE1778A29DA33F3009FF250 /* LootServiceTests.swift */,
				4AE1778629DA31C2009FF250 /* StepServiceTests.swift */,
				4AB924BF29DC2A60004511AB /* CompetitionServiceTests.swift */,
				4AB924C129DC2B94004511AB /* TeamServiceTests.swift */,
				4AB924C329DC2CB1004511AB /* ParticipantServiceTests.swift */,
			);
			path = ServiceTest;
			sourceTree = "<group>";
		};
		4A9FA9D229E98D39006BC244 /* RepositoryTest */ = {
			isa = PBXGroup;
			children = (
				4AED396029F2F0C900FA45F0 /* LootRepositoryTest */,
				4AED396329F318D800FA45F0 /* StepRepositoryTest */,
				4ADB9F4E29F412A4009A3C24 /* CompetitionRepositoryTest */,
				4ADB9F5129F41993009A3C24 /* TeamRepositoryTest */,
				4ADB9F5229F419A4009A3C24 /* ParticipantRepositoryTest */,
			);
			path = RepositoryTest;
			sourceTree = "<group>";
		};
		4ADB9F4E29F412A4009A3C24 /* CompetitionRepositoryTest */ = {
			isa = PBXGroup;
			children = (
				4ADB9F4F29F412E8009A3C24 /* BeforeCompetitionRepository.swift */,
				4A172F9C29ED6F80004774C0 /* CompetitionRepositoryTest.swift */,
			);
			path = CompetitionRepositoryTest;
			sourceTree = "<group>";
		};
		4ADB9F5129F41993009A3C24 /* TeamRepositoryTest */ = {
			isa = PBXGroup;
			children = (
				4ADB9F5329F43CBA009A3C24 /* BeforeTeamRepository.swift */,
				4A9D46C329EEBD270059750F /* TeamRepositoryTest.swift */,
			);
			path = TeamRepositoryTest;
			sourceTree = "<group>";
		};
		4ADB9F5229F419A4009A3C24 /* ParticipantRepositoryTest */ = {
			isa = PBXGroup;
			children = (
				4ADB9F5529F44D50009A3C24 /* BeforeParticipantRepository.swift */,
				4AAF0AF029EB3A2A00C0ECCE /* ParticipantRepositoryTest.swift */,
			);
			path = ParticipantRepositoryTest;
			sourceTree = "<group>";
		};
		4AED395329F2B55B00FA45F0 /* ModelExtension */ = {
			isa = PBXGroup;
			children = (
				4AED395429F2B58200FA45F0 /* LootExtencion.swift */,
				4AED395629F2B5B300FA45F0 /* StepExtension.swift */,
				4AED395829F2B5DF00FA45F0 /* CompetitionExtension.swift */,
				4AED395A29F2B60000FA45F0 /* TeamExtension.swift */,
				4AED395C29F2B63800FA45F0 /* ParticipantExtension.swift */,
			);
			path = ModelExtension;
			sourceTree = "<group>";
		};
		4AED396029F2F0C900FA45F0 /* LootRepositoryTest */ = {
			isa = PBXGroup;
			children = (
				4AED395E29F2F0C100FA45F0 /* BeforeLootRepositoryTests.swift */,
				4A9FA9D729E98DFB006BC244 /* LootRepositoryTest.swift */,
			);
			path = LootRepositoryTest;
			sourceTree = "<group>";
		};
		4AED396329F318D800FA45F0 /* StepRepositoryTest */ = {
			isa = PBXGroup;
			children = (
				4AED396429F318FD00FA45F0 /* BeforeStepRepository.swift */,
				4A9809D229EA041900B6886E /* StepRepositoryTest.swift */,
			);
			path = StepRepositoryTest;
			sourceTree = "<group>";
		};
		4AED902629E1A6D7009F6805 /* DataModel */ = {
			isa = PBXGroup;
			children = (
				4AED902729E1A6EE009F6805 /* LootModelData.swift */,
				4AED902929E1B1AD009F6805 /* StepModelData.swift */,
				4AED902B29E1B238009F6805 /* CompetitionModelData.swift */,
				4AED902D29E1B2E5009F6805 /* TeamModelData.swift */,
				4AED902F29E1B462009F6805 /* ParticipantModelData.swift */,
			);
			path = DataModel;
			sourceTree = "<group>";
		};
		4AEE59F92A00377100534AC8 /* Extension */ = {
			isa = PBXGroup;
			children = (
				4AEE59FA2A00379400534AC8 /* CompetitionsControllerExtension.swift */,
				4A56F4F92A09360400AAFC27 /* StringExtension.swift */,
			);
			path = Extension;
			sourceTree = "<group>";
		};
		4AEE59FE2A004E0B00534AC8 /* Delegates */ = {
			isa = PBXGroup;
			children = (
				4A24422929D2EF480065E32B /* SceneDelegate.swift */,
				4A24422729D2EF480065E32B /* AppDelegate.swift */,
			);
			path = Delegates;
			sourceTree = "<group>";
		};
		4AF5A1982A02BE7C005DD13D /* Controllers */ = {
			isa = PBXGroup;
			children = (
				4AED2B7C2A098C58000FFDFD /* DetailParticipantController.swift */,
				4AD3E60E2A07B1C80005AC18 /* DetailTeamController.swift */,
				4AF5A1A12A05A72D005DD13D /* TeamController.swift */,
				4AF5A19A2A02C588005DD13D /* AddCompetitionController.swift */,
				4A24422B29D2EF480065E32B /* CompetitionController.swift */,
				4AEE59FC2A003B7500534AC8 /* TabBarController.swift */,
			);
			path = Controllers;
			sourceTree = "<group>";
		};
		4AF5A1992A02BE88005DD13D /* Views */ = {
			isa = PBXGroup;
			children = (
				4A1F1E942A011B77002DFE7B /* CompetitionViews.swift */,
			);
			path = Views;
			sourceTree = "<group>";
		};
		4AF5A19C2A02C7D0005DD13D /* Model */ = {
			isa = PBXGroup;
			children = (
				4AEE59F72A0030E500534AC8 /* AlertManager.swift */,
				4AF5A19D2A02C817005DD13D /* ServicesManager.swift */,
				4AF5A19F2A02C846005DD13D /* config.swift */,
			);
			path = Model;
			sourceTree = "<group>";
		};
		52242D3882E6D605A00F75C4 /* Frameworks */ = {
			isa = PBXGroup;
			children = (
				40EEFD55FD8AAF49D48D020C /* Pods_rfpr.framework */,
			);
			name = Frameworks;
			sourceTree = "<group>";
		};
/* End PBXGroup section */

/* Begin PBXNativeTarget section */
		4A24422329D2EF480065E32B /* rfpr */ = {
			isa = PBXNativeTarget;
			buildConfigurationList = 4A24423829D2EF4E0065E32B /* Build configuration list for PBXNativeTarget "rfpr" */;
			buildPhases = (
				818303F09C86F3AA16A9BE0B /* [CP] Check Pods Manifest.lock */,
				4A24422029D2EF480065E32B /* Sources */,
				4A24422129D2EF480065E32B /* Frameworks */,
				4A24422229D2EF480065E32B /* Resources */,
				E8D43EB470FB3D1DB1A065ED /* [CP] Embed Pods Frameworks */,
			);
			buildRules = (
			);
			dependencies = (
			);
			name = rfpr;
			productName = rfpr;
			productReference = 4A24422429D2EF480065E32B /* rfpr.app */;
			productType = "com.apple.product-type.application";
		};
		4A24424829D2F8460065E32B /* UnitTests */ = {
			isa = PBXNativeTarget;
			buildConfigurationList = 4A24424F29D2F8460065E32B /* Build configuration list for PBXNativeTarget "UnitTests" */;
			buildPhases = (
				4A24424529D2F8460065E32B /* Sources */,
				4A24424629D2F8460065E32B /* Frameworks */,
				4A24424729D2F8460065E32B /* Resources */,
			);
			buildRules = (
			);
			dependencies = (
				4A24424E29D2F8460065E32B /* PBXTargetDependency */,
			);
			name = UnitTests;
			productName = UnitTestAutorization;
			productReference = 4A24424929D2F8460065E32B /* UnitTests.xctest */;
			productType = "com.apple.product-type.bundle.unit-test";
		};
/* End PBXNativeTarget section */

/* Begin PBXProject section */
		4A24421C29D2EF480065E32B /* Project object */ = {
			isa = PBXProject;
			attributes = {
				BuildIndependentTargetsInParallel = 1;
				LastSwiftUpdateCheck = 1320;
				LastUpgradeCheck = 1320;
				TargetAttributes = {
					4A24422329D2EF480065E32B = {
						CreatedOnToolsVersion = 13.2.1;
					};
					4A24424829D2F8460065E32B = {
						CreatedOnToolsVersion = 13.2.1;
						LastSwiftMigration = 1320;
						TestTargetID = 4A24422329D2EF480065E32B;
					};
				};
			};
			buildConfigurationList = 4A24421F29D2EF480065E32B /* Build configuration list for PBXProject "rfpr" */;
			compatibilityVersion = "Xcode 13.0";
			developmentRegion = en;
			hasScannedForEncodings = 0;
			knownRegions = (
				en,
				Base,
			);
			mainGroup = 4A24421B29D2EF480065E32B;
			productRefGroup = 4A24422529D2EF480065E32B /* Products */;
			projectDirPath = "";
			projectRoot = "";
			targets = (
				4A24422329D2EF480065E32B /* rfpr */,
				4A24424829D2F8460065E32B /* UnitTests */,
			);
		};
/* End PBXProject section */

/* Begin PBXResourcesBuildPhase section */
		4A24422229D2EF480065E32B /* Resources */ = {
			isa = PBXResourcesBuildPhase;
			buildActionMask = 2147483647;
			files = (
				4A24423429D2EF4E0065E32B /* LaunchScreen.storyboard in Resources */,
				4A24423129D2EF4E0065E32B /* Assets.xcassets in Resources */,
			);
			runOnlyForDeploymentPostprocessing = 0;
		};
		4A24424729D2F8460065E32B /* Resources */ = {
			isa = PBXResourcesBuildPhase;
			buildActionMask = 2147483647;
			files = (
			);
			runOnlyForDeploymentPostprocessing = 0;
		};
/* End PBXResourcesBuildPhase section */

/* Begin PBXShellScriptBuildPhase section */
		818303F09C86F3AA16A9BE0B /* [CP] Check Pods Manifest.lock */ = {
			isa = PBXShellScriptBuildPhase;
			buildActionMask = 2147483647;
			files = (
			);
			inputFileListPaths = (
			);
			inputPaths = (
				"${PODS_PODFILE_DIR_PATH}/Podfile.lock",
				"${PODS_ROOT}/Manifest.lock",
			);
			name = "[CP] Check Pods Manifest.lock";
			outputFileListPaths = (
			);
			outputPaths = (
				"$(DERIVED_FILE_DIR)/Pods-rfpr-checkManifestLockResult.txt",
			);
			runOnlyForDeploymentPostprocessing = 0;
			shellPath = /bin/sh;
			shellScript = "diff \"${PODS_PODFILE_DIR_PATH}/Podfile.lock\" \"${PODS_ROOT}/Manifest.lock\" > /dev/null\nif [ $? != 0 ] ; then\n    # print error to STDERR\n    echo \"error: The sandbox is not in sync with the Podfile.lock. Run 'pod install' or update your CocoaPods installation.\" >&2\n    exit 1\nfi\n# This output is used by Xcode 'outputs' to avoid re-running this script phase.\necho \"SUCCESS\" > \"${SCRIPT_OUTPUT_FILE_0}\"\n";
			showEnvVarsInLog = 0;
		};
		E8D43EB470FB3D1DB1A065ED /* [CP] Embed Pods Frameworks */ = {
			isa = PBXShellScriptBuildPhase;
			buildActionMask = 2147483647;
			files = (
			);
			inputFileListPaths = (
				"${PODS_ROOT}/Target Support Files/Pods-rfpr/Pods-rfpr-frameworks-${CONFIGURATION}-input-files.xcfilelist",
			);
			name = "[CP] Embed Pods Frameworks";
			outputFileListPaths = (
				"${PODS_ROOT}/Target Support Files/Pods-rfpr/Pods-rfpr-frameworks-${CONFIGURATION}-output-files.xcfilelist",
			);
			runOnlyForDeploymentPostprocessing = 0;
			shellPath = /bin/sh;
			shellScript = "\"${PODS_ROOT}/Target Support Files/Pods-rfpr/Pods-rfpr-frameworks.sh\"\n";
			showEnvVarsInLog = 0;
		};
/* End PBXShellScriptBuildPhase section */

/* Begin PBXSourcesBuildPhase section */
		4A24422029D2EF480065E32B /* Sources */ = {
			isa = PBXSourcesBuildPhase;
			buildActionMask = 2147483647;
			files = (
				4AE1778129D9CB06009FF250 /* CompetitionService.swift in Sources */,
				4AFBE93129DF335F00C2F705 /* IGetDataRepository.swift in Sources */,
				4A8E370029FDA229009A0930 /* MockParticipantRepository.swift in Sources */,
				4AFBE92F29DF328600C2F705 /* GetDataService.swift in Sources */,
				4AFBE93629DF344D00C2F705 /* IGetDataService.swift in Sources */,
				4AED395529F2B58200FA45F0 /* LootExtencion.swift in Sources */,
				4A24427029D47BD40065E32B /* CompetitionModel.swift in Sources */,
				4AE1777D29D9C5BB009FF250 /* IParticipantByTeamRepository.swift in Sources */,
				4AEFA0D929E96D0E00883AAC /* ParameterError.swift in Sources */,
				4AE1777729D9B8D5009FF250 /* IParticipantRepository.swift in Sources */,
				4A24426E29D47B870065E32B /* StepModel.swift in Sources */,
				4AED902529E1A6B2009F6805 /* LootRepository.swift in Sources */,
				4AE1776F29D9AE84009FF250 /* ITeamRepository.swift in Sources */,
				4AE1777B29D9BFB7009FF250 /* ITeamByParticipantRepository.swift in Sources */,
				4AED902829E1A6EE009F6805 /* LootModelData.swift in Sources */,
				4AE1777F29D9C712009FF250 /* IParticipantToTeamRepository.swift in Sources */,
				4AF5A1A22A05A72D005DD13D /* TeamController.swift in Sources */,
				4AE1776429D78D15009FF250 /* ILootToStepRepository.swift in Sources */,
				4AE1778329D9CC08009FF250 /* TeamService.swift in Sources */,
				4AED903029E1B462009F6805 /* ParticipantModelData.swift in Sources */,
				4AD3E60F2A07B1C80005AC18 /* DetailTeamController.swift in Sources */,
				4ADB9F5629F44D50009A3C24 /* BeforeParticipantRepository.swift in Sources */,
				4AAF0AEF29EAE64500C0ECCE /* ParticipantRepository.swift in Sources */,
				4AED396629F3198B00FA45F0 /* BeforeLootRepositoryTests.swift in Sources */,
				4AE1777329D9B375009FF250 /* ITeamToCompetitionRepository.swift in Sources */,
				4AE1777529D9B496009FF250 /* ICompetitionToTeamRepository.swift in Sources */,
				4A172F9B29ED6BB9004774C0 /* CompetitionRepository.swift in Sources */,
				4A8E36FF29FDA229009A0930 /* MockGetDataRepository.swift in Sources */,
				4A24426C29D47B020065E32B /* LootModel.swift in Sources */,
				4AF5A1A42A079AC3005DD13D /* GetDataRepository.swift in Sources */,
				4A24428A29D49D8A0065E32B /* ILootRepository.swift in Sources */,
				4A24427929D482F10065E32B /* ICompetitionService.swift in Sources */,
				4A24427529D47F1E0065E32B /* ILootService.swift in Sources */,
				4AEE59FB2A00379400534AC8 /* CompetitionsControllerExtension.swift in Sources */,
				4A24428329D48B860065E32B /* LootService.swift in Sources */,
				4AED902C29E1B238009F6805 /* CompetitionModelData.swift in Sources */,
				4AEE59F82A0030E500534AC8 /* AlertManager.swift in Sources */,
				4A8E370329FDA229009A0930 /* MockTeamRepository.swift in Sources */,
				4A24427D29D488B30065E32B /* SortParamertModel.swift in Sources */,
				4A8E370229FDA229009A0930 /* MockCompetitionRepository.swift in Sources */,
				4A56F4FA2A09360500AAFC27 /* StringExtension.swift in Sources */,
				4A24423D29D2F09C0065E32B /* ParticipantModel.swift in Sources */,
				4AED395D29F2B63800FA45F0 /* ParticipantExtension.swift in Sources */,
				4A24427729D481EA0065E32B /* IStepService.swift in Sources */,
				4A24422C29D2EF480065E32B /* CompetitionController.swift in Sources */,
				4ADB9F5429F43CBA009A3C24 /* BeforeTeamRepository.swift in Sources */,
				4A9809CD29E9992700B6886E /* ConnectionError.swift in Sources */,
				4A8E370429FDA229009A0930 /* MockStepRepository.swift in Sources */,
				4AE1776C29D8E183009FF250 /* ICompetitionRepository.swift in Sources */,
				4AED395929F2B5DF00FA45F0 /* CompetitionExtension.swift in Sources */,
				4AEE59FD2A003B7500534AC8 /* TabBarController.swift in Sources */,
				4A9809D129E9EFA600B6886E /* StepRepository.swift in Sources */,
				4AED395B29F2B60000FA45F0 /* TeamExtension.swift in Sources */,
				4AE1776029D71BA9009FF250 /* IStepRepository.swift in Sources */,
				4AED396529F318FD00FA45F0 /* BeforeStepRepository.swift in Sources */,
				4AE1778529D9CC25009FF250 /* ParticipantService.swift in Sources */,
				4AED902A29E1B1AD009F6805 /* StepModelData.swift in Sources */,
				4AF5A1A02A02C846005DD13D /* config.swift in Sources */,
				4AE1775E29D71B79009FF250 /* StepService.swift in Sources */,
				4AE1776829D8DD92009FF250 /* IStepToCompetitionRepository.swift in Sources */,
				4A24427B29D486120065E32B /* ITeamService.swift in Sources */,
				4AED2B7D2A098C58000FFDFD /* DetailParticipantController.swift in Sources */,
				4A24427F29D489890065E32B /* IParticipantService.swift in Sources */,
				4ADB9F5029F412E8009A3C24 /* BeforeCompetitionRepository.swift in Sources */,
				4AED395729F2B5B300FA45F0 /* StepExtension.swift in Sources */,
				4A24427229D47C1A0065E32B /* TeamModel.swift in Sources */,
				4A24422829D2EF480065E32B /* AppDelegate.swift in Sources */,
				4AF5A19B2A02C589005DD13D /* AddCompetitionController.swift in Sources */,
				4AED902E29E1B2E5009F6805 /* TeamModelData.swift in Sources */,
				4A6132A229E86A810025CDC9 /* DataError.swift in Sources */,
				4A9D46C029EEBA420059750F /* TeamRepository.swift in Sources */,
				4A24422A29D2EF480065E32B /* SceneDelegate.swift in Sources */,
				4AF5A19E2A02C817005DD13D /* ServicesManager.swift in Sources */,
				4A1F1E952A011B77002DFE7B /* CompetitionViews.swift in Sources */,
				4A8E370129FDA229009A0930 /* MockLootRepository.swift in Sources */,
			);
			runOnlyForDeploymentPostprocessing = 0;
		};
		4A24424529D2F8460065E32B /* Sources */ = {
			isa = PBXSourcesBuildPhase;
			buildActionMask = 2147483647;
			files = (
				4AF3404B29DADED900463098 /* ILootRepositoryTests.swift in Sources */,
				4A172F9D29ED6F81004774C0 /* CompetitionRepositoryTest.swift in Sources */,
				4AB924C429DC2CB1004511AB /* ParticipantServiceTests.swift in Sources */,
				4A9D46C429EEBD270059750F /* TeamRepositoryTest.swift in Sources */,
				4AF3405029DB1F8500463098 /* ICompetitionRepositoryTests.swift in Sources */,
				4AAF0AF129EB3A2A00C0ECCE /* ParticipantRepositoryTest.swift in Sources */,
				4AE1778729DA31C2009FF250 /* StepServiceTests.swift in Sources */,
				4AE1778B29DA33F3009FF250 /* LootServiceTests.swift in Sources */,
				4AF3405229DB7DBE00463098 /* ITeamRepositoryTests.swift in Sources */,
				4A9FA9D829E98DFB006BC244 /* LootRepositoryTest.swift in Sources */,
				4A9809D329EA041900B6886E /* StepRepositoryTest.swift in Sources */,
				4AF3405429DB8FFA00463098 /* IParticipantRepositoryTests.swift in Sources */,
				4AF3404E29DAE4BC00463098 /* IStepRepositoryTests.swift in Sources */,
				4AB924C029DC2A60004511AB /* CompetitionServiceTests.swift in Sources */,
				4AB924C229DC2B94004511AB /* TeamServiceTests.swift in Sources */,
			);
			runOnlyForDeploymentPostprocessing = 0;
		};
/* End PBXSourcesBuildPhase section */

/* Begin PBXTargetDependency section */
		4A24424E29D2F8460065E32B /* PBXTargetDependency */ = {
			isa = PBXTargetDependency;
			target = 4A24422329D2EF480065E32B /* rfpr */;
			targetProxy = 4A24424D29D2F8460065E32B /* PBXContainerItemProxy */;
		};
/* End PBXTargetDependency section */

/* Begin PBXVariantGroup section */
		4A24423229D2EF4E0065E32B /* LaunchScreen.storyboard */ = {
			isa = PBXVariantGroup;
			children = (
				4A24423329D2EF4E0065E32B /* Base */,
			);
			name = LaunchScreen.storyboard;
			sourceTree = "<group>";
		};
/* End PBXVariantGroup section */

/* Begin XCBuildConfiguration section */
		4A24423629D2EF4E0065E32B /* Debug */ = {
			isa = XCBuildConfiguration;
			buildSettings = {
				ALWAYS_SEARCH_USER_PATHS = NO;
				CLANG_ANALYZER_NONNULL = YES;
				CLANG_ANALYZER_NUMBER_OBJECT_CONVERSION = YES_AGGRESSIVE;
				CLANG_CXX_LANGUAGE_STANDARD = "gnu++17";
				CLANG_CXX_LIBRARY = "libc++";
				CLANG_ENABLE_MODULES = YES;
				CLANG_ENABLE_OBJC_ARC = YES;
				CLANG_ENABLE_OBJC_WEAK = YES;
				CLANG_WARN_BLOCK_CAPTURE_AUTORELEASING = YES;
				CLANG_WARN_BOOL_CONVERSION = YES;
				CLANG_WARN_COMMA = YES;
				CLANG_WARN_CONSTANT_CONVERSION = YES;
				CLANG_WARN_DEPRECATED_OBJC_IMPLEMENTATIONS = YES;
				CLANG_WARN_DIRECT_OBJC_ISA_USAGE = YES_ERROR;
				CLANG_WARN_DOCUMENTATION_COMMENTS = YES;
				CLANG_WARN_EMPTY_BODY = YES;
				CLANG_WARN_ENUM_CONVERSION = YES;
				CLANG_WARN_INFINITE_RECURSION = YES;
				CLANG_WARN_INT_CONVERSION = YES;
				CLANG_WARN_NON_LITERAL_NULL_CONVERSION = YES;
				CLANG_WARN_OBJC_IMPLICIT_RETAIN_SELF = YES;
				CLANG_WARN_OBJC_LITERAL_CONVERSION = YES;
				CLANG_WARN_OBJC_ROOT_CLASS = YES_ERROR;
				CLANG_WARN_QUOTED_INCLUDE_IN_FRAMEWORK_HEADER = YES;
				CLANG_WARN_RANGE_LOOP_ANALYSIS = YES;
				CLANG_WARN_STRICT_PROTOTYPES = YES;
				CLANG_WARN_SUSPICIOUS_MOVE = YES;
				CLANG_WARN_UNGUARDED_AVAILABILITY = YES_AGGRESSIVE;
				CLANG_WARN_UNREACHABLE_CODE = YES;
				CLANG_WARN__DUPLICATE_METHOD_MATCH = YES;
				COPY_PHASE_STRIP = NO;
				DEBUG_INFORMATION_FORMAT = dwarf;
				ENABLE_STRICT_OBJC_MSGSEND = YES;
				ENABLE_TESTABILITY = YES;
				GCC_C_LANGUAGE_STANDARD = gnu11;
				GCC_DYNAMIC_NO_PIC = NO;
				GCC_NO_COMMON_BLOCKS = YES;
				GCC_OPTIMIZATION_LEVEL = 0;
				GCC_PREPROCESSOR_DEFINITIONS = (
					"DEBUG=1",
					"$(inherited)",
				);
				GCC_WARN_64_TO_32_BIT_CONVERSION = YES;
				GCC_WARN_ABOUT_RETURN_TYPE = YES_ERROR;
				GCC_WARN_UNDECLARED_SELECTOR = YES;
				GCC_WARN_UNINITIALIZED_AUTOS = YES_AGGRESSIVE;
				GCC_WARN_UNUSED_FUNCTION = YES;
				GCC_WARN_UNUSED_VARIABLE = YES;
				IPHONEOS_DEPLOYMENT_TARGET = 15.2;
				MTL_ENABLE_DEBUG_INFO = INCLUDE_SOURCE;
				MTL_FAST_MATH = YES;
				ONLY_ACTIVE_ARCH = YES;
				SDKROOT = iphoneos;
				SWIFT_ACTIVE_COMPILATION_CONDITIONS = DEBUG;
				SWIFT_OPTIMIZATION_LEVEL = "-Onone";
			};
			name = Debug;
		};
		4A24423729D2EF4E0065E32B /* Release */ = {
			isa = XCBuildConfiguration;
			buildSettings = {
				ALWAYS_SEARCH_USER_PATHS = NO;
				CLANG_ANALYZER_NONNULL = YES;
				CLANG_ANALYZER_NUMBER_OBJECT_CONVERSION = YES_AGGRESSIVE;
				CLANG_CXX_LANGUAGE_STANDARD = "gnu++17";
				CLANG_CXX_LIBRARY = "libc++";
				CLANG_ENABLE_MODULES = YES;
				CLANG_ENABLE_OBJC_ARC = YES;
				CLANG_ENABLE_OBJC_WEAK = YES;
				CLANG_WARN_BLOCK_CAPTURE_AUTORELEASING = YES;
				CLANG_WARN_BOOL_CONVERSION = YES;
				CLANG_WARN_COMMA = YES;
				CLANG_WARN_CONSTANT_CONVERSION = YES;
				CLANG_WARN_DEPRECATED_OBJC_IMPLEMENTATIONS = YES;
				CLANG_WARN_DIRECT_OBJC_ISA_USAGE = YES_ERROR;
				CLANG_WARN_DOCUMENTATION_COMMENTS = YES;
				CLANG_WARN_EMPTY_BODY = YES;
				CLANG_WARN_ENUM_CONVERSION = YES;
				CLANG_WARN_INFINITE_RECURSION = YES;
				CLANG_WARN_INT_CONVERSION = YES;
				CLANG_WARN_NON_LITERAL_NULL_CONVERSION = YES;
				CLANG_WARN_OBJC_IMPLICIT_RETAIN_SELF = YES;
				CLANG_WARN_OBJC_LITERAL_CONVERSION = YES;
				CLANG_WARN_OBJC_ROOT_CLASS = YES_ERROR;
				CLANG_WARN_QUOTED_INCLUDE_IN_FRAMEWORK_HEADER = YES;
				CLANG_WARN_RANGE_LOOP_ANALYSIS = YES;
				CLANG_WARN_STRICT_PROTOTYPES = YES;
				CLANG_WARN_SUSPICIOUS_MOVE = YES;
				CLANG_WARN_UNGUARDED_AVAILABILITY = YES_AGGRESSIVE;
				CLANG_WARN_UNREACHABLE_CODE = YES;
				CLANG_WARN__DUPLICATE_METHOD_MATCH = YES;
				COPY_PHASE_STRIP = NO;
				DEBUG_INFORMATION_FORMAT = "dwarf-with-dsym";
				ENABLE_NS_ASSERTIONS = NO;
				ENABLE_STRICT_OBJC_MSGSEND = YES;
				GCC_C_LANGUAGE_STANDARD = gnu11;
				GCC_NO_COMMON_BLOCKS = YES;
				GCC_WARN_64_TO_32_BIT_CONVERSION = YES;
				GCC_WARN_ABOUT_RETURN_TYPE = YES_ERROR;
				GCC_WARN_UNDECLARED_SELECTOR = YES;
				GCC_WARN_UNINITIALIZED_AUTOS = YES_AGGRESSIVE;
				GCC_WARN_UNUSED_FUNCTION = YES;
				GCC_WARN_UNUSED_VARIABLE = YES;
				IPHONEOS_DEPLOYMENT_TARGET = 15.2;
				MTL_ENABLE_DEBUG_INFO = NO;
				MTL_FAST_MATH = YES;
				SDKROOT = iphoneos;
				SWIFT_COMPILATION_MODE = wholemodule;
				SWIFT_OPTIMIZATION_LEVEL = "-O";
				VALIDATE_PRODUCT = YES;
			};
			name = Release;
		};
		4A24423929D2EF4E0065E32B /* Debug */ = {
			isa = XCBuildConfiguration;
			baseConfigurationReference = D1D9294DE36F72030674310C /* Pods-rfpr.debug.xcconfig */;
			buildSettings = {
				ASSETCATALOG_COMPILER_APPICON_NAME = AppIcon;
				ASSETCATALOG_COMPILER_GLOBAL_ACCENT_COLOR_NAME = AccentColor;
				CODE_SIGN_STYLE = Automatic;
				CURRENT_PROJECT_VERSION = 1;
				GENERATE_INFOPLIST_FILE = YES;
				INFOPLIST_FILE = rfpr/Info.plist;
				INFOPLIST_KEY_UIApplicationSupportsIndirectInputEvents = YES;
				INFOPLIST_KEY_UILaunchStoryboardName = LaunchScreen;
				INFOPLIST_KEY_UISupportedInterfaceOrientations_iPad = "UIInterfaceOrientationPortrait UIInterfaceOrientationPortraitUpsideDown UIInterfaceOrientationLandscapeLeft UIInterfaceOrientationLandscapeRight";
				INFOPLIST_KEY_UISupportedInterfaceOrientations_iPhone = "UIInterfaceOrientationPortrait UIInterfaceOrientationLandscapeLeft UIInterfaceOrientationLandscapeRight";
				IPHONEOS_DEPLOYMENT_TARGET = 14.5;
				LD_RUNPATH_SEARCH_PATHS = (
					"$(inherited)",
					"@executable_path/Frameworks",
				);
				MARKETING_VERSION = 1.0;
				PRODUCT_BUNDLE_IDENTIFIER = poliorang.rfpr;
				PRODUCT_NAME = "$(TARGET_NAME)";
				SWIFT_EMIT_LOC_STRINGS = YES;
				SWIFT_VERSION = 5.0;
				TARGETED_DEVICE_FAMILY = "1,2";
			};
			name = Debug;
		};
		4A24423A29D2EF4E0065E32B /* Release */ = {
			isa = XCBuildConfiguration;
			baseConfigurationReference = 0AB93DD3364003D266E90361 /* Pods-rfpr.release.xcconfig */;
			buildSettings = {
				ASSETCATALOG_COMPILER_APPICON_NAME = AppIcon;
				ASSETCATALOG_COMPILER_GLOBAL_ACCENT_COLOR_NAME = AccentColor;
				CODE_SIGN_STYLE = Automatic;
				CURRENT_PROJECT_VERSION = 1;
				GENERATE_INFOPLIST_FILE = YES;
				INFOPLIST_FILE = rfpr/Info.plist;
				INFOPLIST_KEY_UIApplicationSupportsIndirectInputEvents = YES;
				INFOPLIST_KEY_UILaunchStoryboardName = LaunchScreen;
				INFOPLIST_KEY_UISupportedInterfaceOrientations_iPad = "UIInterfaceOrientationPortrait UIInterfaceOrientationPortraitUpsideDown UIInterfaceOrientationLandscapeLeft UIInterfaceOrientationLandscapeRight";
				INFOPLIST_KEY_UISupportedInterfaceOrientations_iPhone = "UIInterfaceOrientationPortrait UIInterfaceOrientationLandscapeLeft UIInterfaceOrientationLandscapeRight";
				IPHONEOS_DEPLOYMENT_TARGET = 14.5;
				LD_RUNPATH_SEARCH_PATHS = (
					"$(inherited)",
					"@executable_path/Frameworks",
				);
				MARKETING_VERSION = 1.0;
				PRODUCT_BUNDLE_IDENTIFIER = poliorang.rfpr;
				PRODUCT_NAME = "$(TARGET_NAME)";
				SWIFT_EMIT_LOC_STRINGS = YES;
				SWIFT_VERSION = 5.0;
				TARGETED_DEVICE_FAMILY = "1,2";
			};
			name = Release;
		};
		4A24425029D2F8460065E32B /* Debug */ = {
			isa = XCBuildConfiguration;
			buildSettings = {
				BUNDLE_LOADER = "$(TEST_HOST)";
				CLANG_ENABLE_MODULES = YES;
				CODE_SIGN_STYLE = Automatic;
				CURRENT_PROJECT_VERSION = 1;
				GENERATE_INFOPLIST_FILE = YES;
				LD_RUNPATH_SEARCH_PATHS = (
					"$(inherited)",
					"@executable_path/Frameworks",
					"@loader_path/Frameworks",
				);
				MARKETING_VERSION = 1.0;
				PRODUCT_BUNDLE_IDENTIFIER = poliorang.UnitTestAutorization;
				PRODUCT_NAME = "$(TARGET_NAME)";
				SWIFT_EMIT_LOC_STRINGS = NO;
				SWIFT_OPTIMIZATION_LEVEL = "-Onone";
				SWIFT_VERSION = 5.0;
				TARGETED_DEVICE_FAMILY = "1,2";
				TEST_HOST = "$(BUILT_PRODUCTS_DIR)/rfpr.app/rfpr";
			};
			name = Debug;
		};
		4A24425129D2F8460065E32B /* Release */ = {
			isa = XCBuildConfiguration;
			buildSettings = {
				BUNDLE_LOADER = "$(TEST_HOST)";
				CLANG_ENABLE_MODULES = YES;
				CODE_SIGN_STYLE = Automatic;
				CURRENT_PROJECT_VERSION = 1;
				GENERATE_INFOPLIST_FILE = YES;
				LD_RUNPATH_SEARCH_PATHS = (
					"$(inherited)",
					"@executable_path/Frameworks",
					"@loader_path/Frameworks",
				);
				MARKETING_VERSION = 1.0;
				PRODUCT_BUNDLE_IDENTIFIER = poliorang.UnitTestAutorization;
				PRODUCT_NAME = "$(TARGET_NAME)";
				SWIFT_EMIT_LOC_STRINGS = NO;
				SWIFT_VERSION = 5.0;
				TARGETED_DEVICE_FAMILY = "1,2";
				TEST_HOST = "$(BUILT_PRODUCTS_DIR)/rfpr.app/rfpr";
			};
			name = Release;
		};
/* End XCBuildConfiguration section */

/* Begin XCConfigurationList section */
		4A24421F29D2EF480065E32B /* Build configuration list for PBXProject "rfpr" */ = {
			isa = XCConfigurationList;
			buildConfigurations = (
				4A24423629D2EF4E0065E32B /* Debug */,
				4A24423729D2EF4E0065E32B /* Release */,
			);
			defaultConfigurationIsVisible = 0;
			defaultConfigurationName = Release;
		};
		4A24423829D2EF4E0065E32B /* Build configuration list for PBXNativeTarget "rfpr" */ = {
			isa = XCConfigurationList;
			buildConfigurations = (
				4A24423929D2EF4E0065E32B /* Debug */,
				4A24423A29D2EF4E0065E32B /* Release */,
			);
			defaultConfigurationIsVisible = 0;
			defaultConfigurationName = Release;
		};
		4A24424F29D2F8460065E32B /* Build configuration list for PBXNativeTarget "UnitTests" */ = {
			isa = XCConfigurationList;
			buildConfigurations = (
				4A24425029D2F8460065E32B /* Debug */,
				4A24425129D2F8460065E32B /* Release */,
			);
			defaultConfigurationIsVisible = 0;
			defaultConfigurationName = Release;
		};
/* End XCConfigurationList section */
	};
	rootObject = 4A24421C29D2EF480065E32B /* Project object */;
}
